// !$*UTF8*$!
{
	archiveVersion = 1;
	classes = {
	};
	objectVersion = 46;
	objects = {

/* Begin PBXBuildFile section */
		F8DBB7AD19C7322000164B28 /* Foundation.framework in Frameworks */ = {isa = PBXBuildFile; fileRef = F8DBB7AC19C7322000164B28 /* Foundation.framework */; };
		F8DBB7AF19C7322000164B28 /* CoreGraphics.framework in Frameworks */ = {isa = PBXBuildFile; fileRef = F8DBB7AE19C7322000164B28 /* CoreGraphics.framework */; };
		F8DBB7B119C7322000164B28 /* UIKit.framework in Frameworks */ = {isa = PBXBuildFile; fileRef = F8DBB7B019C7322000164B28 /* UIKit.framework */; };
		F8DBB7B719C7322000164B28 /* InfoPlist.strings in Resources */ = {isa = PBXBuildFile; fileRef = F8DBB7B519C7322000164B28 /* InfoPlist.strings */; };
		F8DBB7B919C7322000164B28 /* main.m in Sources */ = {isa = PBXBuildFile; fileRef = F8DBB7B819C7322000164B28 /* main.m */; };
		F8DBB7BD19C7322000164B28 /* DKAppDelegate.m in Sources */ = {isa = PBXBuildFile; fileRef = F8DBB7BC19C7322000164B28 /* DKAppDelegate.m */; };
		F8DBB7BF19C7322000164B28 /* Images.xcassets in Resources */ = {isa = PBXBuildFile; fileRef = F8DBB7BE19C7322000164B28 /* Images.xcassets */; };
		F8DBB7C619C7322000164B28 /* XCTest.framework in Frameworks */ = {isa = PBXBuildFile; fileRef = F8DBB7C519C7322000164B28 /* XCTest.framework */; };
		F8DBB7C719C7322000164B28 /* Foundation.framework in Frameworks */ = {isa = PBXBuildFile; fileRef = F8DBB7AC19C7322000164B28 /* Foundation.framework */; };
		F8DBB7C819C7322000164B28 /* UIKit.framework in Frameworks */ = {isa = PBXBuildFile; fileRef = F8DBB7B019C7322000164B28 /* UIKit.framework */; };
		F8DBB7D019C7322000164B28 /* InfoPlist.strings in Resources */ = {isa = PBXBuildFile; fileRef = F8DBB7CE19C7322000164B28 /* InfoPlist.strings */; };
		F8DBB7D219C7322000164B28 /* DKNotificationManagerSampleProjectTests.m in Sources */ = {isa = PBXBuildFile; fileRef = F8DBB7D119C7322000164B28 /* DKNotificationManagerSampleProjectTests.m */; };
		F8DBB7DE19C7327E00164B28 /* DKNotificationManager.m in Sources */ = {isa = PBXBuildFile; fileRef = F8DBB7DD19C7327E00164B28 /* DKNotificationManager.m */; };
/* End PBXBuildFile section */

/* Begin PBXContainerItemProxy section */
		F8DBB7C919C7322000164B28 /* PBXContainerItemProxy */ = {
			isa = PBXContainerItemProxy;
			containerPortal = F8DBB7A119C7322000164B28 /* Project object */;
			proxyType = 1;
			remoteGlobalIDString = F8DBB7A819C7322000164B28;
			remoteInfo = DKNotificationManagerSampleProject;
		};
/* End PBXContainerItemProxy section */

/* Begin PBXFileReference section */
		F8DBB7A919C7322000164B28 /* DKNotificationManagerSampleProject.app */ = {isa = PBXFileReference; explicitFileType = wrapper.application; includeInIndex = 0; path = DKNotificationManagerSampleProject.app; sourceTree = BUILT_PRODUCTS_DIR; };
		F8DBB7AC19C7322000164B28 /* Foundation.framework */ = {isa = PBXFileReference; lastKnownFileType = wrapper.framework; name = Foundation.framework; path = System/Library/Frameworks/Foundation.framework; sourceTree = SDKROOT; };
		F8DBB7AE19C7322000164B28 /* CoreGraphics.framework */ = {isa = PBXFileReference; lastKnownFileType = wrapper.framework; name = CoreGraphics.framework; path = System/Library/Frameworks/CoreGraphics.framework; sourceTree = SDKROOT; };
		F8DBB7B019C7322000164B28 /* UIKit.framework */ = {isa = PBXFileReference; lastKnownFileType = wrapper.framework; name = UIKit.framework; path = System/Library/Frameworks/UIKit.framework; sourceTree = SDKROOT; };
		F8DBB7B419C7322000164B28 /* DKNotificationManagerSampleProject-Info.plist */ = {isa = PBXFileReference; lastKnownFileType = text.plist.xml; path = "DKNotificationManagerSampleProject-Info.plist"; sourceTree = "<group>"; };
		F8DBB7B619C7322000164B28 /* en */ = {isa = PBXFileReference; lastKnownFileType = text.plist.strings; name = en; path = en.lproj/InfoPlist.strings; sourceTree = "<group>"; };
		F8DBB7B819C7322000164B28 /* main.m */ = {isa = PBXFileReference; lastKnownFileType = sourcecode.c.objc; path = main.m; sourceTree = "<group>"; };
		F8DBB7BA19C7322000164B28 /* DKNotificationManagerSampleProject-Prefix.pch */ = {isa = PBXFileReference; lastKnownFileType = sourcecode.c.h; path = "DKNotificationManagerSampleProject-Prefix.pch"; sourceTree = "<group>"; };
		F8DBB7BB19C7322000164B28 /* DKAppDelegate.h */ = {isa = PBXFileReference; lastKnownFileType = sourcecode.c.h; path = DKAppDelegate.h; sourceTree = "<group>"; };
		F8DBB7BC19C7322000164B28 /* DKAppDelegate.m */ = {isa = PBXFileReference; lastKnownFileType = sourcecode.c.objc; path = DKAppDelegate.m; sourceTree = "<group>"; };
		F8DBB7BE19C7322000164B28 /* Images.xcassets */ = {isa = PBXFileReference; lastKnownFileType = folder.assetcatalog; path = Images.xcassets; sourceTree = "<group>"; };
		F8DBB7C419C7322000164B28 /* DKNotificationManagerSampleProjectTests.xctest */ = {isa = PBXFileReference; explicitFileType = wrapper.cfbundle; includeInIndex = 0; path = DKNotificationManagerSampleProjectTests.xctest; sourceTree = BUILT_PRODUCTS_DIR; };
		F8DBB7C519C7322000164B28 /* XCTest.framework */ = {isa = PBXFileReference; lastKnownFileType = wrapper.framework; name = XCTest.framework; path = Library/Frameworks/XCTest.framework; sourceTree = DEVELOPER_DIR; };
		F8DBB7CD19C7322000164B28 /* DKNotificationManagerSampleProjectTests-Info.plist */ = {isa = PBXFileReference; lastKnownFileType = text.plist.xml; path = "DKNotificationManagerSampleProjectTests-Info.plist"; sourceTree = "<group>"; };
		F8DBB7CF19C7322000164B28 /* en */ = {isa = PBXFileReference; lastKnownFileType = text.plist.strings; name = en; path = en.lproj/InfoPlist.strings; sourceTree = "<group>"; };
		F8DBB7D119C7322000164B28 /* DKNotificationManagerSampleProjectTests.m */ = {isa = PBXFileReference; lastKnownFileType = sourcecode.c.objc; path = DKNotificationManagerSampleProjectTests.m; sourceTree = "<group>"; };
		F8DBB7DC19C7327E00164B28 /* DKNotificationManager.h */ = {isa = PBXFileReference; fileEncoding = 4; lastKnownFileType = sourcecode.c.h; path = DKNotificationManager.h; sourceTree = "<group>"; };
		F8DBB7DD19C7327E00164B28 /* DKNotificationManager.m */ = {isa = PBXFileReference; fileEncoding = 4; lastKnownFileType = sourcecode.c.objc; path = DKNotificationManager.m; sourceTree = "<group>"; };
/* End PBXFileReference section */

/* Begin PBXFrameworksBuildPhase section */
		F8DBB7A619C7322000164B28 /* Frameworks */ = {
			isa = PBXFrameworksBuildPhase;
			buildActionMask = 2147483647;
			files = (
				F8DBB7AF19C7322000164B28 /* CoreGraphics.framework in Frameworks */,
				F8DBB7B119C7322000164B28 /* UIKit.framework in Frameworks */,
				F8DBB7AD19C7322000164B28 /* Foundation.framework in Frameworks */,
			);
			runOnlyForDeploymentPostprocessing = 0;
		};
		F8DBB7C119C7322000164B28 /* Frameworks */ = {
			isa = PBXFrameworksBuildPhase;
			buildActionMask = 2147483647;
			files = (
				F8DBB7C619C7322000164B28 /* XCTest.framework in Frameworks */,
				F8DBB7C819C7322000164B28 /* UIKit.framework in Frameworks */,
				F8DBB7C719C7322000164B28 /* Foundation.framework in Frameworks */,
			);
			runOnlyForDeploymentPostprocessing = 0;
		};
/* End PBXFrameworksBuildPhase section */

/* Begin PBXGroup section */
		F8DBB7A019C7322000164B28 = {
			isa = PBXGroup;
			children = (
				F8DBB7DB19C7327E00164B28 /* DKNotificationManager */,
				F8DBB7B219C7322000164B28 /* DKNotificationManagerSampleProject */,
				F8DBB7CB19C7322000164B28 /* DKNotificationManagerSampleProjectTests */,
				F8DBB7AB19C7322000164B28 /* Frameworks */,
				F8DBB7AA19C7322000164B28 /* Products */,
			);
			sourceTree = "<group>";
		};
		F8DBB7AA19C7322000164B28 /* Products */ = {
			isa = PBXGroup;
			children = (
				F8DBB7A919C7322000164B28 /* DKNotificationManagerSampleProject.app */,
				F8DBB7C419C7322000164B28 /* DKNotificationManagerSampleProjectTests.xctest */,
			);
			name = Products;
			sourceTree = "<group>";
		};
		F8DBB7AB19C7322000164B28 /* Frameworks */ = {
			isa = PBXGroup;
			children = (
				F8DBB7AC19C7322000164B28 /* Foundation.framework */,
				F8DBB7AE19C7322000164B28 /* CoreGraphics.framework */,
				F8DBB7B019C7322000164B28 /* UIKit.framework */,
				F8DBB7C519C7322000164B28 /* XCTest.framework */,
			);
			name = Frameworks;
			sourceTree = "<group>";
		};
		F8DBB7B219C7322000164B28 /* DKNotificationManagerSampleProject */ = {
			isa = PBXGroup;
			children = (
				F8DBB7BB19C7322000164B28 /* DKAppDelegate.h */,
				F8DBB7BC19C7322000164B28 /* DKAppDelegate.m */,
				F8DBB7BE19C7322000164B28 /* Images.xcassets */,
				F8DBB7B319C7322000164B28 /* Supporting Files */,
			);
			path = DKNotificationManagerSampleProject;
			sourceTree = "<group>";
		};
		F8DBB7B319C7322000164B28 /* Supporting Files */ = {
			isa = PBXGroup;
			children = (
				F8DBB7B419C7322000164B28 /* DKNotificationManagerSampleProject-Info.plist */,
				F8DBB7B519C7322000164B28 /* InfoPlist.strings */,
				F8DBB7B819C7322000164B28 /* main.m */,
				F8DBB7BA19C7322000164B28 /* DKNotificationManagerSampleProject-Prefix.pch */,
			);
			name = "Supporting Files";
			sourceTree = "<group>";
		};
		F8DBB7CB19C7322000164B28 /* DKNotificationManagerSampleProjectTests */ = {
			isa = PBXGroup;
			children = (
				F8DBB7D119C7322000164B28 /* DKNotificationManagerSampleProjectTests.m */,
				F8DBB7CC19C7322000164B28 /* Supporting Files */,
			);
			path = DKNotificationManagerSampleProjectTests;
			sourceTree = "<group>";
		};
		F8DBB7CC19C7322000164B28 /* Supporting Files */ = {
			isa = PBXGroup;
			children = (
				F8DBB7CD19C7322000164B28 /* DKNotificationManagerSampleProjectTests-Info.plist */,
				F8DBB7CE19C7322000164B28 /* InfoPlist.strings */,
			);
			name = "Supporting Files";
			sourceTree = "<group>";
		};
		F8DBB7DB19C7327E00164B28 /* DKNotificationManager */ = {
			isa = PBXGroup;
			children = (
				F8DBB7DC19C7327E00164B28 /* DKNotificationManager.h */,
				F8DBB7DD19C7327E00164B28 /* DKNotificationManager.m */,
			);
			name = DKNotificationManager;
			path = ../DKNotificationManager;
			sourceTree = "<group>";
		};
/* End PBXGroup section */

/* Begin PBXNativeTarget section */
		F8DBB7A819C7322000164B28 /* DKNotificationManagerSampleProject */ = {
			isa = PBXNativeTarget;
			buildConfigurationList = F8DBB7D519C7322000164B28 /* Build configuration list for PBXNativeTarget "DKNotificationManagerSampleProject" */;
			buildPhases = (
				F8DBB7A519C7322000164B28 /* Sources */,
				F8DBB7A619C7322000164B28 /* Frameworks */,
				F8DBB7A719C7322000164B28 /* Resources */,
			);
			buildRules = (
			);
			dependencies = (
			);
			name = DKNotificationManagerSampleProject;
			productName = DKNotificationManagerSampleProject;
			productReference = F8DBB7A919C7322000164B28 /* DKNotificationManagerSampleProject.app */;
			productType = "com.apple.product-type.application";
		};
		F8DBB7C319C7322000164B28 /* DKNotificationManagerSampleProjectTests */ = {
			isa = PBXNativeTarget;
			buildConfigurationList = F8DBB7D819C7322000164B28 /* Build configuration list for PBXNativeTarget "DKNotificationManagerSampleProjectTests" */;
			buildPhases = (
				F8DBB7C019C7322000164B28 /* Sources */,
				F8DBB7C119C7322000164B28 /* Frameworks */,
				F8DBB7C219C7322000164B28 /* Resources */,
			);
			buildRules = (
			);
			dependencies = (
				F8DBB7CA19C7322000164B28 /* PBXTargetDependency */,
			);
			name = DKNotificationManagerSampleProjectTests;
			productName = DKNotificationManagerSampleProjectTests;
			productReference = F8DBB7C419C7322000164B28 /* DKNotificationManagerSampleProjectTests.xctest */;
			productType = "com.apple.product-type.bundle.unit-test";
		};
/* End PBXNativeTarget section */

/* Begin PBXProject section */
		F8DBB7A119C7322000164B28 /* Project object */ = {
			isa = PBXProject;
			attributes = {
				CLASSPREFIX = DK;
				LastUpgradeCheck = 0510;
				ORGANIZATIONNAME = "Dennis Kutlubaev";
				TargetAttributes = {
					F8DBB7C319C7322000164B28 = {
						TestTargetID = F8DBB7A819C7322000164B28;
					};
				};
			};
			buildConfigurationList = F8DBB7A419C7322000164B28 /* Build configuration list for PBXProject "DKNotificationManagerSampleProject" */;
			compatibilityVersion = "Xcode 3.2";
			developmentRegion = English;
			hasScannedForEncodings = 0;
			knownRegions = (
				en,
			);
			mainGroup = F8DBB7A019C7322000164B28;
			productRefGroup = F8DBB7AA19C7322000164B28 /* Products */;
			projectDirPath = "";
			projectRoot = "";
			targets = (
				F8DBB7A819C7322000164B28 /* DKNotificationManagerSampleProject */,
				F8DBB7C319C7322000164B28 /* DKNotificationManagerSampleProjectTests */,
			);
		};
/* End PBXProject section */

/* Begin PBXResourcesBuildPhase section */
		F8DBB7A719C7322000164B28 /* Resources */ = {
			isa = PBXResourcesBuildPhase;
			buildActionMask = 2147483647;
			files = (
				F8DBB7B719C7322000164B28 /* InfoPlist.strings in Resources */,
				F8DBB7BF19C7322000164B28 /* Images.xcassets in Resources */,
			);
			runOnlyForDeploymentPostprocessing = 0;
		};
		F8DBB7C219C7322000164B28 /* Resources */ = {
			isa = PBXResourcesBuildPhase;
			buildActionMask = 2147483647;
			files = (
				F8DBB7D019C7322000164B28 /* InfoPlist.strings in Resources */,
			);
			runOnlyForDeploymentPostprocessing = 0;
		};
/* End PBXResourcesBuildPhase section */

/* Begin PBXSourcesBuildPhase section */
		F8DBB7A519C7322000164B28 /* Sources */ = {
			isa = PBXSourcesBuildPhase;
			buildActionMask = 2147483647;
			files = (
				F8DBB7B919C7322000164B28 /* main.m in Sources */,
				F8DBB7BD19C7322000164B28 /* DKAppDelegate.m in Sources */,
				F8DBB7DE19C7327E00164B28 /* DKNotificationManager.m in Sources */,
			);
			runOnlyForDeploymentPostprocessing = 0;
		};
		F8DBB7C019C7322000164B28 /* Sources */ = {
			isa = PBXSourcesBuildPhase;
			buildActionMask = 2147483647;
			files = (
				F8DBB7D219C7322000164B28 /* DKNotificationManagerSampleProjectTests.m in Sources */,
			);
			runOnlyForDeploymentPostprocessing = 0;
		};
/* End PBXSourcesBuildPhase section */

/* Begin PBXTargetDependency section */
		F8DBB7CA19C7322000164B28 /* PBXTargetDependency */ = {
			isa = PBXTargetDependency;
			target = F8DBB7A819C7322000164B28 /* DKNotificationManagerSampleProject */;
			targetProxy = F8DBB7C919C7322000164B28 /* PBXContainerItemProxy */;
		};
/* End PBXTargetDependency section */

/* Begin PBXVariantGroup section */
		F8DBB7B519C7322000164B28 /* InfoPlist.strings */ = {
			isa = PBXVariantGroup;
			children = (
				F8DBB7B619C7322000164B28 /* en */,
			);
			name = InfoPlist.strings;
			sourceTree = "<group>";
		};
		F8DBB7CE19C7322000164B28 /* InfoPlist.strings */ = {
			isa = PBXVariantGroup;
			children = (
				F8DBB7CF19C7322000164B28 /* en */,
			);
			name = InfoPlist.strings;
			sourceTree = "<group>";
		};
/* End PBXVariantGroup section */

/* Begin XCBuildConfiguration section */
		F8DBB7D319C7322000164B28 /* Debug */ = {
			isa = XCBuildConfiguration;
			buildSettings = {
				ALWAYS_SEARCH_USER_PATHS = NO;
				CLANG_CXX_LANGUAGE_STANDARD = "gnu++0x";
				CLANG_CXX_LIBRARY = "libc++";
				CLANG_ENABLE_MODULES = YES;
				CLANG_ENABLE_OBJC_ARC = YES;
				CLANG_WARN_BOOL_CONVERSION = YES;
				CLANG_WARN_CONSTANT_CONVERSION = YES;
				CLANG_WARN_DIRECT_OBJC_ISA_USAGE = YES_ERROR;
				CLANG_WARN_EMPTY_BODY = YES;
				CLANG_WARN_ENUM_CONVERSION = YES;
				CLANG_WARN_INT_CONVERSION = YES;
				CLANG_WARN_OBJC_ROOT_CLASS = YES_ERROR;
				CLANG_WARN__DUPLICATE_METHOD_MATCH = YES;
				"CODE_SIGN_IDENTITY[sdk=iphoneos*]" = "iPhone Developer";
				COPY_PHASE_STRIP = NO;
				GCC_C_LANGUAGE_STANDARD = gnu99;
				GCC_DYNAMIC_NO_PIC = NO;
				GCC_OPTIMIZATION_LEVEL = 0;
				GCC_PREPROCESSOR_DEFINITIONS = (
					"DEBUG=1",
					"$(inherited)",
				);
				GCC_SYMBOLS_PRIVATE_EXTERN = NO;
				GCC_WARN_64_TO_32_BIT_CONVERSION = YES;
				GCC_WARN_ABOUT_RETURN_TYPE = YES_ERROR;
				GCC_WARN_UNDECLARED_SELECTOR = YES;
				GCC_WARN_UNINITIALIZED_AUTOS = YES_AGGRESSIVE;
				GCC_WARN_UNUSED_FUNCTION = YES;
				GCC_WARN_UNUSED_VARIABLE = YES;
				IPHONEOS_DEPLOYMENT_TARGET = 7.1;
				ONLY_ACTIVE_ARCH = YES;
				SDKROOT = iphoneos;
				TARGETED_DEVICE_FAMILY = "1,2";
			};
			name = Debug;
		};
		F8DBB7D419C7322000164B28 /* Release */ = {
			isa = XCBuildConfiguration;
			buildSettings = {
				ALWAYS_SEARCH_USER_PATHS = NO;
				CLANG_CXX_LANGUAGE_STANDARD = "gnu++0x";
				CLANG_CXX_LIBRARY = "libc++";
				CLANG_ENABLE_MODULES = YES;
				CLANG_ENABLE_OBJC_ARC = YES;
				CLANG_WARN_BOOL_CONVERSION = YES;
				CLANG_WARN_CONSTANT_CONVERSION = YES;
				CLANG_WARN_DIRECT_OBJC_ISA_USAGE = YES_ERROR;
				CLANG_WARN_EMPTY_BODY = YES;
				CLANG_WARN_ENUM_CONVERSION = YES;
				CLANG_WARN_INT_CONVERSION = YES;
				CLANG_WARN_OBJC_ROOT_CLASS = YES_ERROR;
				CLANG_WARN__DUPLICATE_METHOD_MATCH = YES;
				"CODE_SIGN_IDENTITY[sdk=iphoneos*]" = "iPhone Developer";
				COPY_PHASE_STRIP = YES;
				ENABLE_NS_ASSERTIONS = NO;
				GCC_C_LANGUAGE_STANDARD = gnu99;
				GCC_WARN_64_TO_32_BIT_CONVERSION = YES;
				GCC_WARN_ABOUT_RETURN_TYPE = YES_ERROR;
				GCC_WARN_UNDECLARED_SELECTOR = YES;
				GCC_WARN_UNINITIALIZED_AUTOS = YES_AGGRESSIVE;
				GCC_WARN_UNUSED_FUNCTION = YES;
				GCC_WARN_UNUSED_VARIABLE = YES;
				IPHONEOS_DEPLOYMENT_TARGET = 7.1;
				SDKROOT = iphoneos;
				TARGETED_DEVICE_FAMILY = "1,2";
				VALIDATE_PRODUCT = YES;
			};
			name = Release;
		};
		F8DBB7D619C7322000164B28 /* Debug */ = {
			isa = XCBuildConfiguration;
			buildSettings = {
				ASSETCATALOG_COMPILER_APPICON_NAME = AppIcon;
				ASSETCATALOG_COMPILER_LAUNCHIMAGE_NAME = LaunchImage;
				GCC_PRECOMPILE_PREFIX_HEADER = YES;
				GCC_PREFIX_HEADER = "DKNotificationManagerSampleProject/DKNotificationManagerSampleProject-Prefix.pch";
				INFOPLIST_FILE = "DKNotificationManagerSampleProject/DKNotificationManagerSampleProject-Info.plist";
				PRODUCT_NAME = "$(TARGET_NAME)";
				WRAPPER_EXTENSION = app;
			};
			name = Debug;
		};
		F8DBB7D719C7322000164B28 /* Release */ = {
			isa = XCBuildConfiguration;
			buildSettings = {
				ASSETCATALOG_COMPILER_APPICON_NAME = AppIcon;
				ASSETCATALOG_COMPILER_LAUNCHIMAGE_NAME = LaunchImage;
				GCC_PRECOMPILE_PREFIX_HEADER = YES;
				GCC_PREFIX_HEADER = "DKNotificationManagerSampleProject/DKNotificationManagerSampleProject-Prefix.pch";
				INFOPLIST_FILE = "DKNotificationManagerSampleProject/DKNotificationManagerSampleProject-Info.plist";
				PRODUCT_NAME = "$(TARGET_NAME)";
				WRAPPER_EXTENSION = app;
			};
			name = Release;
		};
		F8DBB7D919C7322000164B28 /* Debug */ = {
			isa = XCBuildConfiguration;
			buildSettings = {
				BUNDLE_LOADER = "$(BUILT_PRODUCTS_DIR)/DKNotificationManagerSampleProject.app/DKNotificationManagerSampleProject";
				FRAMEWORK_SEARCH_PATHS = (
					"$(SDKROOT)/Developer/Library/Frameworks",
					"$(inherited)",
					"$(DEVELOPER_FRAMEWORKS_DIR)",
				);
				GCC_PRECOMPILE_PREFIX_HEADER = YES;
				GCC_PREFIX_HEADER = "DKNotificationManagerSampleProject/DKNotificationManagerSampleProject-Prefix.pch";
				GCC_PREPROCESSOR_DEFINITIONS = (
					"DEBUG=1",
					"$(inherited)",
				);
				INFOPLIST_FILE = "DKNotificationManagerSampleProjectTests/DKNotificationManagerSampleProjectTests-Info.plist";
				PRODUCT_NAME = "$(TARGET_NAME)";
				TEST_HOST = "$(BUNDLE_LOADER)";
				WRAPPER_EXTENSION = xctest;
			};
			name = Debug;
		};
		F8DBB7DA19C7322000164B28 /* Release */ = {
			isa = XCBuildConfiguration;
			buildSettings = {
				BUNDLE_LOADER = "$(BUILT_PRODUCTS_DIR)/DKNotificationManagerSampleProject.app/DKNotificationManagerSampleProject";
				FRAMEWORK_SEARCH_PATHS = (
					"$(SDKROOT)/Developer/Library/Frameworks",
					"$(inherited)",
					"$(DEVELOPER_FRAMEWORKS_DIR)",
				);
				GCC_PRECOMPILE_PREFIX_HEADER = YES;
				GCC_PREFIX_HEADER = "DKNotificationManagerSampleProject/DKNotificationManagerSampleProject-Prefix.pch";
				INFOPLIST_FILE = "DKNotificationManagerSampleProjectTests/DKNotificationManagerSampleProjectTests-Info.plist";
				PRODUCT_NAME = "$(TARGET_NAME)";
				TEST_HOST = "$(BUNDLE_LOADER)";
				WRAPPER_EXTENSION = xctest;
			};
			name = Release;
		};
/* End XCBuildConfiguration section */

/* Begin XCConfigurationList section */
		F8DBB7A419C7322000164B28 /* Build configuration list for PBXProject "DKNotificationManagerSampleProject" */ = {
			isa = XCConfigurationList;
			buildConfigurations = (
				F8DBB7D319C7322000164B28 /* Debug */,
				F8DBB7D419C7322000164B28 /* Release */,
			);
			defaultConfigurationIsVisible = 0;
			defaultConfigurationName = Release;
		};
		F8DBB7D519C7322000164B28 /* Build configuration list for PBXNativeTarget "DKNotificationManagerSampleProject" */ = {
			isa = XCConfigurationList;
			buildConfigurations = (
				F8DBB7D619C7322000164B28 /* Debug */,
				F8DBB7D719C7322000164B28 /* Release */,
			);
			defaultConfigurationIsVisible = 0;
		};
		F8DBB7D819C7322000164B28 /* Build configuration list for PBXNativeTarget "DKNotificationManagerSampleProjectTests" */ = {
			isa = XCConfigurationList;
			buildConfigurations = (
				F8DBB7D919C7322000164B28 /* Debug */,
				F8DBB7DA19C7322000164B28 /* Release */,
			);
			defaultConfigurationIsVisible = 0;
		};
/* End XCConfigurationList section */
	};
	rootObject = F8DBB7A119C7322000164B28 /* Project object */;
}
